{
  "pins" : [
    {
      "identity" : "clmdb",
      "kind" : "remoteSourceControl",
      "location" : "https://github.com/tannerdsilva/CLMDB.git",
      "state" : {
        "revision" : "39e2f317c898824777365d5669f6fa7571541893",
        "version" : "0.9.31"
      }
    },
    {
      "identity" : "core-lmdb",
      "kind" : "remoteSourceControl",
      "location" : "https://github.com/jadengeller/core-lmdb.git",
      "state" : {
        "branch" : "main",
        "revision" : "1e7810ca1b993e76debf38425d82b9f1c4eb4045"
      }
    },
    {
      "identity" : "swift-collections",
      "kind" : "remoteSourceControl",
      "location" : "https://github.com/apple/swift-collections",
      "state" : {
        "branch" : "release/1.1",
        "revision" : "5fab05b1ea1d65f3057dd8caa3d819eb18984022"
      }
    },
    {
      "identity" : "swift-numerics",
      "kind" : "remoteSourceControl",
      "location" : "https://github.com/apple/swift-numerics",
      "state" : {
        "revision" : "0a5bc04095a675662cf24757cc0640aa2204253b",
        "version" : "1.0.2"
      }
    },
    {
      "identity" : "swift-priority-heap",
      "kind" : "remoteSourceControl",
      "location" : "https://github.com/JadenGeller/swift-priority-heap",
      "state" : {
        "branch" : "release/0.4.3",
        "revision" : "e0b46517a040c493a98cb144d041db238e86b3fa"
      }
    }
  ],
  "version" : 2
}
